
Microsoft Visual Studio Solution File, Format Version 12.00
# Visual Studio Version 17
VisualStudioVersion = 17.8.34525.116
MinimumVisualStudioVersion = 10.0.40219.1
Project("{9A19103F-16F7-4668-BE54-9A1E7A4F7556}") = "RestaurantStore.Core", "RestaurantStore.Core\RestaurantStore.Core.csproj", "{43ECE6CA-206C-4F41-8409-FE7BF68AF35E}"
EndProject
Project("{9A19103F-16F7-4668-BE54-9A1E7A4F7556}") = "RestaurantStore.API", "RestaurantStore.API\RestaurantStore.API.csproj", "{9A319F4A-E685-4F12-95FF-F27793ECF3D4}"
EndProject
Project("{9A19103F-16F7-4668-BE54-9A1E7A4F7556}") = "RestaurantStore.Web", "RestaurantStore.Web\RestaurantStore.Web.csproj", "{FBE6C66C-1B16-4147-AB2F-41C40BD7E648}"
EndProject
Project("{FAE04EC0-301F-11D3-BF4B-00C04F79EFBC}") = "RestaurantStore.Shared", "RestaurantStore.Shared\RestaurantStore.Shared.csproj", "{16BE988A-9D0F-4916-8419-AD6779E99374}"
EndProject
Global
	GlobalSection(SolutionConfigurationPlatforms) = preSolution
		Debug|Any CPU = Debug|Any CPU
		Release|Any CPU = Release|Any CPU
	EndGlobalSection
	GlobalSection(ProjectConfigurationPlatforms) = postSolution
		{43ECE6CA-206C-4F41-8409-FE7BF68AF35E}.Debug|Any CPU.ActiveCfg = Debug|Any CPU
		{43ECE6CA-206C-4F41-8409-FE7BF68AF35E}.Debug|Any CPU.Build.0 = Debug|Any CPU
		{43ECE6CA-206C-4F41-8409-FE7BF68AF35E}.Release|Any CPU.ActiveCfg = Release|Any CPU
		{43ECE6CA-206C-4F41-8409-FE7BF68AF35E}.Release|Any CPU.Build.0 = Release|Any CPU
		{9A319F4A-E685-4F12-95FF-F27793ECF3D4}.Debug|Any CPU.ActiveCfg = Debug|Any CPU
		{9A319F4A-E685-4F12-95FF-F27793ECF3D4}.Debug|Any CPU.Build.0 = Debug|Any CPU
		{9A319F4A-E685-4F12-95FF-F27793ECF3D4}.Release|Any CPU.ActiveCfg = Release|Any CPU
		{9A319F4A-E685-4F12-95FF-F27793ECF3D4}.Release|Any CPU.Build.0 = Release|Any CPU
		{FBE6C66C-1B16-4147-AB2F-41C40BD7E648}.Debug|Any CPU.ActiveCfg = Debug|Any CPU
		{FBE6C66C-1B16-4147-AB2F-41C40BD7E648}.Debug|Any CPU.Build.0 = Debug|Any CPU
		{FBE6C66C-1B16-4147-AB2F-41C40BD7E648}.Release|Any CPU.ActiveCfg = Release|Any CPU
		{FBE6C66C-1B16-4147-AB2F-41C40BD7E648}.Release|Any CPU.Build.0 = Release|Any CPU
		{16BE988A-9D0F-4916-8419-AD6779E99374}.Debug|Any CPU.ActiveCfg = Debug|Any CPU
		{16BE988A-9D0F-4916-8419-AD6779E99374}.Debug|Any CPU.Build.0 = Debug|Any CPU
		{16BE988A-9D0F-4916-8419-AD6779E99374}.Release|Any CPU.ActiveCfg = Release|Any CPU
		{16BE988A-9D0F-4916-8419-AD6779E99374}.Release|Any CPU.Build.0 = Release|Any CPU
	EndGlobalSection
	GlobalSection(SolutionProperties) = preSolution
		HideSolutionNode = FALSE
	EndGlobalSection
	GlobalSection(ExtensibilityGlobals) = postSolution
		SolutionGuid = {32CA2FB9-367D-4FCB-9BB8-E24E8D6B6E42}
	EndGlobalSection
EndGlobal
